
Microsoft Visual Studio Solution File, Format Version 12.00
# Visual Studio Version 16
VisualStudioVersion = 16.0.30011.22
MinimumVisualStudioVersion = 10.0.40219.1
Project("{FAE04EC0-301F-11D3-BF4B-00C04F79EFBC}") = "csv-filter", "csv-filter\csv-filter.csproj", "{C9CE95F7-58E4-4EAC-8241-8DA40F9D7C62}"
EndProject
Global
	GlobalSection(SolutionConfigurationPlatforms) = preSolution
		Debug|Any CPU = Debug|Any CPU
		Release|Any CPU = Release|Any CPU
	EndGlobalSection
	GlobalSection(ProjectConfigurationPlatforms) = postSolution
		{C9CE95F7-58E4-4EAC-8241-8DA40F9D7C62}.Debug|Any CPU.ActiveCfg = Debug|Any CPU
		{C9CE95F7-58E4-4EAC-8241-8DA40F9D7C62}.Debug|Any CPU.Build.0 = Debug|Any CPU
		{C9CE95F7-58E4-4EAC-8241-8DA40F9D7C62}.Release|Any CPU.ActiveCfg = Release|Any CPU
		{C9CE95F7-58E4-4EAC-8241-8DA40F9D7C62}.Release|Any CPU.Build.0 = Release|Any CPU
	EndGlobalSection
	GlobalSection(SolutionProperties) = preSolution
		HideSolutionNode = FALSE
	EndGlobalSection
	GlobalSection(ExtensibilityGlobals) = postSolution
		SolutionGuid = {E0779B6E-F750-4B24-98CC-383B3D648EE9}
	EndGlobalSection
EndGlobal
